
Microsoft Visual Studio Solution File, Format Version 12.00
# Visual Studio Version 17
VisualStudioVersion = 17.13.35919.96 d17.13
MinimumVisualStudioVersion = 10.0.40219.1
Project("{FAE04EC0-301F-11D3-BF4B-00C04F79EFBC}") = "ListOk.Presentation", "ListOk.Presentation.csproj", "{58632DFA-B5D9-47E2-A769-00032EE842B2}"
EndProject
Project("{FAE04EC0-301F-11D3-BF4B-00C04F79EFBC}") = "ListOk.Core", "..\ListOk.Core\ListOk.Core.csproj", "{6E99D69E-3176-4A98-8B5F-2320B850454C}"
EndProject
Project("{FAE04EC0-301F-11D3-BF4B-00C04F79EFBC}") = "ListOk.Application", "..\ListOk.Application\ListOk.Application.csproj", "{88619402-038D-49EB-BAE1-4ED8AC531516}"
EndProject
Project("{FAE04EC0-301F-11D3-BF4B-00C04F79EFBC}") = "ListOk.Infrastructure", "..\ListOk.Infrastructure\ListOk.Infrastructure.csproj", "{94005422-89F6-479B-9849-23A0E8783C23}"
EndProject
Project("{FAE04EC0-301F-11D3-BF4B-00C04F79EFBC}") = "ListOk.Tests", "..\ListOk.Tests\ListOk.Tests.csproj", "{88D0205F-96E1-4CD0-A2FC-0DB2D6F631CF}"
EndProject
Global
	GlobalSection(SolutionConfigurationPlatforms) = preSolution
		Debug|Any CPU = Debug|Any CPU
		Release|Any CPU = Release|Any CPU
	EndGlobalSection
	GlobalSection(ProjectConfigurationPlatforms) = postSolution
		{58632DFA-B5D9-47E2-A769-00032EE842B2}.Debug|Any CPU.ActiveCfg = Debug|Any CPU
		{58632DFA-B5D9-47E2-A769-00032EE842B2}.Debug|Any CPU.Build.0 = Debug|Any CPU
		{58632DFA-B5D9-47E2-A769-00032EE842B2}.Release|Any CPU.ActiveCfg = Release|Any CPU
		{58632DFA-B5D9-47E2-A769-00032EE842B2}.Release|Any CPU.Build.0 = Release|Any CPU
		{6E99D69E-3176-4A98-8B5F-2320B850454C}.Debug|Any CPU.ActiveCfg = Debug|Any CPU
		{6E99D69E-3176-4A98-8B5F-2320B850454C}.Debug|Any CPU.Build.0 = Debug|Any CPU
		{6E99D69E-3176-4A98-8B5F-2320B850454C}.Release|Any CPU.ActiveCfg = Release|Any CPU
		{6E99D69E-3176-4A98-8B5F-2320B850454C}.Release|Any CPU.Build.0 = Release|Any CPU
		{88619402-038D-49EB-BAE1-4ED8AC531516}.Debug|Any CPU.ActiveCfg = Debug|Any CPU
		{88619402-038D-49EB-BAE1-4ED8AC531516}.Debug|Any CPU.Build.0 = Debug|Any CPU
		{88619402-038D-49EB-BAE1-4ED8AC531516}.Release|Any CPU.ActiveCfg = Release|Any CPU
		{88619402-038D-49EB-BAE1-4ED8AC531516}.Release|Any CPU.Build.0 = Release|Any CPU
		{94005422-89F6-479B-9849-23A0E8783C23}.Debug|Any CPU.ActiveCfg = Debug|Any CPU
		{94005422-89F6-479B-9849-23A0E8783C23}.Debug|Any CPU.Build.0 = Debug|Any CPU
		{94005422-89F6-479B-9849-23A0E8783C23}.Release|Any CPU.ActiveCfg = Release|Any CPU
		{94005422-89F6-479B-9849-23A0E8783C23}.Release|Any CPU.Build.0 = Release|Any CPU
		{88D0205F-96E1-4CD0-A2FC-0DB2D6F631CF}.Debug|Any CPU.ActiveCfg = Debug|Any CPU
		{88D0205F-96E1-4CD0-A2FC-0DB2D6F631CF}.Debug|Any CPU.Build.0 = Debug|Any CPU
		{88D0205F-96E1-4CD0-A2FC-0DB2D6F631CF}.Release|Any CPU.ActiveCfg = Release|Any CPU
		{88D0205F-96E1-4CD0-A2FC-0DB2D6F631CF}.Release|Any CPU.Build.0 = Release|Any CPU
	EndGlobalSection
	GlobalSection(SolutionProperties) = preSolution
		HideSolutionNode = FALSE
	EndGlobalSection
	GlobalSection(ExtensibilityGlobals) = postSolution
		SolutionGuid = {1DB69050-C7ED-42B2-A654-C6DE53FD3674}
	EndGlobalSection
EndGlobal
